
Microsoft Visual Studio Solution File, Format Version 12.00
# Visual Studio Version 17
VisualStudioVersion = 17.2.32516.85
MinimumVisualStudioVersion = 10.0.40219.1
Project("{8BC9CEB8-8B4A-11D0-8D11-00A0C91BC942}") = "Hana-SoftwareRenderer", "Hana-SoftwareRenderer.vcxproj", "{670DABA0-7AD6-4DBE-ADAD-A29EBA3F6C09}"
EndProject
Global
	GlobalSection(SolutionConfigurationPlatforms) = preSolution
		Debug|x64 = Debug|x64
		Debug|x86 = Debug|x86
		Release|x64 = Release|x64
		Release|x86 = Release|x86
	EndGlobalSection
	GlobalSection(ProjectConfigurationPlatforms) = postSolution
		{670DABA0-7AD6-4DBE-ADAD-A29EBA3F6C09}.Debug|x64.ActiveCfg = Debug|x64
		{670DABA0-7AD6-4DBE-ADAD-A29EBA3F6C09}.Debug|x64.Build.0 = Debug|x64
		{670DABA0-7AD6-4DBE-ADAD-A29EBA3F6C09}.Debug|x86.ActiveCfg = Debug|Win32
		{670DABA0-7AD6-4DBE-ADAD-A29EBA3F6C09}.Debug|x86.Build.0 = Debug|Win32
		{670DABA0-7AD6-4DBE-ADAD-A29EBA3F6C09}.Release|x64.ActiveCfg = Release|x64
		{670DABA0-7AD6-4DBE-ADAD-A29EBA3F6C09}.Release|x64.Build.0 = Release|x64
		{670DABA0-7AD6-4DBE-ADAD-A29EBA3F6C09}.Release|x86.ActiveCfg = Release|Win32
		{670DABA0-7AD6-4DBE-ADAD-A29EBA3F6C09}.Release|x86.Build.0 = Release|Win32
	EndGlobalSection
	GlobalSection(SolutionProperties) = preSolution
		HideSolutionNode = FALSE
	EndGlobalSection
	GlobalSection(ExtensibilityGlobals) = postSolution
		SolutionGuid = {A4097101-2075-476A-A85C-D9514A52BBA8}
	EndGlobalSection
EndGlobal
